{
  "requires": true,
  "lockfileVersion": 1,
  "dependencies": {
    "leaflet.markercluster": {
      "version": "1.5.3",
      "resolved": "https://registry.npmjs.org/leaflet.markercluster/-/leaflet.markercluster-1.5.3.tgz",
      "integrity": "sha512-vPTw/Bndq7eQHjLBVlWpnGeLa3t+3zGiuM7fJwCkiMFq+nmRuG3RI3f7f4N4TDX7T4NpbAXpR2+NTRSEGfCSeA=="
    }
  }
}
